# This file was autogenerated by Stack.
# You should not edit this file by hand.
# For more information, please see the documentation at:
#   https://docs.haskellstack.org/en/stable/lock_files

packages:
- completed:
    hackage: registry-0.2.1.0@sha256:5f85d324bc02bf1980ea9f03a3138f81b222c40a4e1e5bc166571fd473ebf074,5893
    pantry-tree:
      size: 4156
      sha256: 8844e98abe58a373253c4ab7957134b2075516505301528ced101be3f43e343e
  original:
    hackage: registry-0.2.1.0
- completed:
    hackage: registry-hedgehog-0.6.0.0@sha256:e118131d0431c5a9a6f584b6497bd02a0cefb73b7a0bd412c5f052d239abb2d4,4273
    pantry-tree:
      size: 1379
      sha256: dd846a871cf40f7b7dbceae1ad4a131e5a43bfa66287bd87c09b6af17eb2423c
  original:
    hackage: registry-hedgehog-0.6.0.0
snapshots:
- completed:
    size: 586296
    url: https://raw.githubusercontent.com/commercialhaskell/stackage-snapshots/master/lts/18/18.yaml
    sha256: 63539429076b7ebbab6daa7656cfb079393bf644971156dc349d7c0453694ac2
  original: lts-18.18
