# This file was autogenerated by Stack.
# You should not edit this file by hand.
# For more information, please see the documentation at:
#   https://docs.haskellstack.org/en/stable/lock_files

packages:
- completed:
    hackage: registry-0.6.3.1@sha256:c715f2a0f4beb8b2fbe8ca6e1f8c27944502ad84696c6eb0ed392853aa3d0811,5172
    pantry-tree:
      sha256: 300c5cd02de3f834cdb3f22a21d037b1a9eb6d4e4576aacc834b99166624176b
      size: 4230
  original:
    hackage: registry-0.6.3.1
- completed:
    hackage: registry-hedgehog-0.8.2.1@sha256:25c75b5baee8522498ccadba722ff6571d77150998c527b194b7b4edd27b9db5,3549
    pantry-tree:
      sha256: d57b1ab0b3d9cfd24f7af9c0a77e3e752eb84e38490b9b52edd21f64336c9d4b
      size: 1379
  original:
    hackage: registry-hedgehog-0.8.2.1
snapshots:
- completed:
    sha256: f51b4cbfe8a6df42815e203f842085528698989ea81f7c82667451ad955b1819
    size: 680576
    url: https://raw.githubusercontent.com/commercialhaskell/stackage-snapshots/master/lts/23/11.yaml
  original: lts-23.11
