# This file was autogenerated by Stack.
# You should not edit this file by hand.
# For more information, please see the documentation at:
#   https://docs.haskellstack.org/en/stable/lock_files

packages:
- completed:
    hackage: registry-0.6.3.2@sha256:b1a7d19268eda925996360351357189e1506b1ac32f47183a79f72f65a0c28e2,5095
    pantry-tree:
      sha256: 779bbc1757aa0226790b3919f5bf673b637e5d1a3a42af23354dfae7146c9338
      size: 4070
  original:
    hackage: registry-0.6.3.2
- completed:
    hackage: registry-hedgehog-0.8.2.2@sha256:f105b6f22deb1788646c5d5b763b9f2dcfcd10691c87332e3b81164919a194d7,3549
    pantry-tree:
      sha256: 35a4e12dc2aadc758cb4afe063a3bda9db89db16a0ce953cbe8b86ae23f599ac
      size: 1379
  original:
    hackage: registry-hedgehog-0.8.2.2
snapshots:
- completed:
    sha256: f8c8f95e57e436cee7c053b6f424e2c07a1020304a5583f3568cd9521443c340
    size: 683838
    url: https://raw.githubusercontent.com/commercialhaskell/stackage-snapshots/master/lts/23/22.yaml
  original: lts-23.22
